{
  "name": "kcell-tasklist-ui",
  "version": "1.0.0",
  "lockfileVersion": 1,
  "requires": true,
  "dependencies": {
    "adler-32": {
      "version": "1.2.0",
      "resolved": "https://registry.npmjs.org/adler-32/-/adler-32-1.2.0.tgz",
      "integrity": "sha1-aj5r8KY5ALoVZSgIyxXGgT0aXyU=",
      "requires": {
        "exit-on-epipe": "~1.0.1",
        "printj": "~1.1.0"
      }
    },
    "angular": {
      "version": "1.3.20",
      "resolved": "https://registry.npmjs.org/angular/-/angular-1.3.20.tgz",
      "integrity": "sha1-sjo9fF5/mffZW5tNSbmsNVJpuu4="
    },
    "angular-cookies": {
      "version": "1.3.20",
      "resolved": "https://registry.npmjs.org/angular-cookies/-/angular-cookies-1.3.20.tgz",
      "integrity": "sha1-WQ7RhQGBWniYqnNOQR1AnvOQNIs="
    },
    "angular-route": {
      "version": "1.3.20",
      "resolved": "https://registry.npmjs.org/angular-route/-/angular-route-1.3.20.tgz",
      "integrity": "sha1-E6dc/+16Snh+rXdQI2CPO94G4ZQ="
    },
    "angular-toasty": {
      "version": "1.0.5",
      "resolved": "https://registry.npmjs.org/angular-toasty/-/angular-toasty-1.0.5.tgz",
      "integrity": "sha1-I86CeyZpCA76aLmIbujiruRWMX4="
    },
    "angular-translate": {
      "version": "2.4.2",
      "resolved": "https://registry.npmjs.org/angular-translate/-/angular-translate-2.4.2.tgz",
      "integrity": "sha1-fngztw8LQXbC/hRSQd3Ox2KH80E="
    },
    "angular-translate-storage-cookie": {
      "version": "2.15.2",
      "resolved": "https://registry.npmjs.org/angular-translate-storage-cookie/-/angular-translate-storage-cookie-2.15.2.tgz",
      "integrity": "sha1-vj1otUNTgC2hByTTjQtpTl1D9co=",
      "requires": {
        "angular-cookies": ">=1.2.26 <1.7",
        "angular-translate": "~2.15.2"
      },
      "dependencies": {
        "angular-translate": {
          "version": "2.15.2",
          "resolved": "https://registry.npmjs.org/angular-translate/-/angular-translate-2.15.2.tgz",
          "integrity": "sha1-+aPCuNXa6312yeLAH/PD1X/hK5A=",
          "requires": {
            "angular": ">=1.2.26 <=1.6"
          }
        }
      }
    },
    "angular-translate-storage-local": {
      "version": "2.15.1",
      "resolved": "https://registry.npmjs.org/angular-translate-storage-local/-/angular-translate-storage-local-2.15.1.tgz",
      "integrity": "sha1-B3VztqEvevtwAcepA1BBeTaF16c=",
      "requires": {
        "angular-translate": "~2.15.1",
        "angular-translate-storage-cookie": "~2.15.1"
      },
      "dependencies": {
        "angular-translate": {
          "version": "2.15.2",
          "resolved": "https://registry.npmjs.org/angular-translate/-/angular-translate-2.15.2.tgz",
          "integrity": "sha1-+aPCuNXa6312yeLAH/PD1X/hK5A=",
          "requires": {
            "angular": ">=1.2.26 <=1.6"
          }
        }
      }
    },
    "angular-ui-bootstrap": {
      "version": "0.13.4",
      "resolved": "https://registry.npmjs.org/angular-ui-bootstrap/-/angular-ui-bootstrap-0.13.4.tgz",
      "integrity": "sha1-2ZgVI7Euy1+RHLC0gp+j5fIO2ew="
    },
    "angular-ui-router": {
      "version": "0.2.18",
      "resolved": "https://registry.npmjs.org/angular-ui-router/-/angular-ui-router-0.2.18.tgz",
      "integrity": "sha1-Ha1wQVxz1wRv0uEw3wPWL7dGQ2A=",
      "requires": {
        "angular": "^1.0.8"
      }
    },
    "big.js": {
      "version": "3.1.3",
      "resolved": "https://registry.npmjs.org/big.js/-/big.js-3.1.3.tgz",
      "integrity": "sha1-TK2iGTZS6zyp7I5VyQFWacmAaXg="
    },
    "bootstrap": {
      "version": "3.3.7",
      "resolved": "https://registry.npmjs.org/bootstrap/-/bootstrap-3.3.7.tgz",
      "integrity": "sha1-WjiTlFSfIzMIdaOxUGVldPip63E="
    },
    "bpmn-js": {
      "version": "0.20.6",
      "resolved": "https://registry.npmjs.org/bpmn-js/-/bpmn-js-0.20.6.tgz",
      "integrity": "sha1-ez0B+6GFBEfxWI7/ANCMpvpg1QE=",
      "requires": {
        "bpmn-moddle": "^0.14.0",
        "diagram-js": "^0.19.4",
        "diagram-js-direct-editing": "^0.17.1",
        "diagram-js-origin": "^0.15.1",
        "ids": "^0.2.0",
        "inherits": "^2.0.1",
        "lodash": "^3.0.1",
        "min-dom": "^0.2.0",
        "object-refs": "^0.1.1",
        "tiny-svg": "^0.1.1"
      }
    },
    "bpmn-moddle": {
      "version": "0.14.1",
      "resolved": "https://registry.npmjs.org/bpmn-moddle/-/bpmn-moddle-0.14.1.tgz",
      "integrity": "sha512-TowGXEv2oXX4f620cdtnqqDdxuBURhZeBdU5GO1l5/joG4Joe3nvXOy5cST2QlQ3RS4cQU5SHnmHfyevyK2ZZg==",
      "requires": {
        "lodash": "^3.0.0",
        "moddle": "^1.0.0",
        "moddle-xml": "^1.1.1"
      }
    },
    "cfb": {
      "version": "1.0.7",
      "resolved": "https://registry.npmjs.org/cfb/-/cfb-1.0.7.tgz",
      "integrity": "sha512-KjjZFR+a/e8RDdDTr4PwR0P/HIFRI3sxArFQttml0pFkhIO4TnvS/1+dqtGXPqe5/0MHp2IzjFx1JTzmohHT+w==",
      "requires": {
        "commander": "^2.14.1",
        "printj": "~1.1.2"
      },
      "dependencies": {
        "commander": {
          "version": "2.15.1",
          "resolved": "https://registry.npmjs.org/commander/-/commander-2.15.1.tgz",
          "integrity": "sha512-VlfT9F3V0v+jr4yxPc5gg9s62/fIVWsd2Bk2iD435um1NlGMYdVCq+MjcXnhYq2icNOizHr1kK+5TI6H0Hy0ag=="
        }
      }
    },
    "codepage": {
      "version": "1.12.2",
      "resolved": "https://registry.npmjs.org/codepage/-/codepage-1.12.2.tgz",
      "integrity": "sha512-FAN+oPs/ocaPLFvIt4vEOHgWA6UJ6t+fVbbVBoXDpTpC+4JYasomYZEEjR/Miph3qQrVnIShRwwmwu4P35JW1w==",
      "requires": {
        "commander": "~2.14.1",
        "exit-on-epipe": "~1.0.1"
      },
      "dependencies": {
        "commander": {
          "version": "2.14.1",
          "resolved": "https://registry.npmjs.org/commander/-/commander-2.14.1.tgz",
          "integrity": "sha512-+YR16o3rK53SmWHU3rEM3tPAh2rwb1yPcQX5irVn7mb0gXbwuCCrnkbV5+PBfETdfg1vui07nM6PCG1zndcjQw=="
        }
      }
    },
    "commander": {
      "version": "2.13.0",
      "resolved": "https://registry.npmjs.org/commander/-/commander-2.13.0.tgz",
      "integrity": "sha512-MVuS359B+YzaWqjCL/c+22gfryv+mCBPHAv3zyVI2GN8EY6IRP8VwtasXn8jyyhvvq84R4ImN1OKRtcbIasjYA=="
    },
    "component-classes": {
      "version": "1.2.6",
      "resolved": "https://registry.npmjs.org/component-classes/-/component-classes-1.2.6.tgz",
      "integrity": "sha1-xkI5TDYYpNiwuJGe/Mu9kw5c1pE=",
      "requires": {
        "component-indexof": "0.0.3"
      }
    },
    "component-closest": {
      "version": "0.1.4",
      "resolved": "https://registry.npmjs.org/component-closest/-/component-closest-0.1.4.tgz",
      "integrity": "sha1-W3L8UtkGB+dRFcr9w7B+JzSN5xs=",
      "requires": {
        "component-matches-selector": "~0.1.5"
      }
    },
    "component-delegate": {
      "version": "0.2.4",
      "resolved": "https://registry.npmjs.org/component-delegate/-/component-delegate-0.2.4.tgz",
      "integrity": "sha1-3FAodZ6mgb6oSj1rvWUCB8O+sTg=",
      "requires": {
        "component-closest": "*",
        "component-event": "*"
      }
    },
    "component-event": {
      "version": "0.1.4",
      "resolved": "https://registry.npmjs.org/component-event/-/component-event-0.1.4.tgz",
      "integrity": "sha1-PeePwoeCOBeH4kvyp8U2vwFCybQ="
    },
    "component-indexof": {
      "version": "0.0.3",
      "resolved": "https://registry.npmjs.org/component-indexof/-/component-indexof-0.0.3.tgz",
      "integrity": "sha1-EdCRMSI5648yyPJa6csAL/6NPCQ="
    },
    "component-matches-selector": {
      "version": "0.1.6",
      "resolved": "https://registry.npmjs.org/component-matches-selector/-/component-matches-selector-0.1.6.tgz",
      "integrity": "sha1-e2MOBOfgw7ABnzF0n9cK9e2Lly4=",
      "requires": {
        "component-query": "*"
      }
    },
    "component-query": {
      "version": "0.0.3",
      "resolved": "https://registry.npmjs.org/component-query/-/component-query-0.0.3.tgz",
      "integrity": "sha1-B/Sdq3Bx+pYGcl31PmB/RorNqs8="
    },
    "crc-32": {
      "version": "1.2.0",
      "resolved": "https://registry.npmjs.org/crc-32/-/crc-32-1.2.0.tgz",
      "integrity": "sha512-1uBwHxF+Y/4yF5G48fwnKq6QsIXheor3ZLPT80yGBV1oEUwpPojlEhQbWKVw1VwcTQyMGHK1/XMmTjmlsmTTGA==",
      "requires": {
        "exit-on-epipe": "~1.0.1",
        "printj": "~1.1.0"
      }
    },
    "deep-diff": {
      "version": "0.3.8",
      "resolved": "https://registry.npmjs.org/deep-diff/-/deep-diff-0.3.8.tgz",
      "integrity": "sha1-wB3mPvsO7JeYgB1Ax+Da4ltYLIQ="
    },
    "diagram-js": {
      "version": "0.19.6",
      "resolved": "https://registry.npmjs.org/diagram-js/-/diagram-js-0.19.6.tgz",
      "integrity": "sha1-71ZdXTbQGY0FNbPsG3IXrDngaSs=",
      "requires": {
        "didi": "^0.1.0",
        "hammerjs": "^2.0.1",
        "inherits": "^2.0.1",
        "lodash": "^3.0.1",
        "min-dom": "^0.2.0",
        "object-refs": "^0.1.1",
        "tiny-svg": "^0.1.1"
      }
    },
    "diagram-js-direct-editing": {
      "version": "0.17.1",
      "resolved": "https://registry.npmjs.org/diagram-js-direct-editing/-/diagram-js-direct-editing-0.17.1.tgz",
      "integrity": "sha1-r9SnfhSbN95mQ7q56Rn+E98JsNU=",
      "requires": {
        "lodash": "^3.0.1",
        "min-dom": "^0.2.0"
      }
    },
    "diagram-js-origin": {
      "version": "0.15.2",
      "resolved": "https://registry.npmjs.org/diagram-js-origin/-/diagram-js-origin-0.15.2.tgz",
      "integrity": "sha1-nOCpOXe7PDYdY8wX3YnfqcSF3y4=",
      "requires": {
        "tiny-svg": "^0.1.0"
      }
    },
    "didi": {
      "version": "0.1.1",
      "resolved": "https://registry.npmjs.org/didi/-/didi-0.1.1.tgz",
      "integrity": "sha1-aG5EaRucpSurG4nDxmqBdLMkmGQ="
    },
    "domify": {
      "version": "1.4.0",
      "resolved": "https://registry.npmjs.org/domify/-/domify-1.4.0.tgz",
      "integrity": "sha1-EUg2F/dk+GlZdbS9x5sU8IA7Yps="
    },
    "excellentexport": {
      "version": "3.0.0",
      "resolved": "https://registry.npmjs.org/excellentexport/-/excellentexport-3.0.0.tgz",
      "integrity": "sha512-Dyn9o+RWgxhNAXa0n76Ilzic9b1mt4gc1Jxm+fsXi7r/2vdZWWn9q59C1ZAf+OpnazL1cHEzLZYe4SAsH/fE8g==",
      "requires": {
        "xlsx": "^0.11.4"
      }
    },
    "exit-on-epipe": {
      "version": "1.0.1",
      "resolved": "https://registry.npmjs.org/exit-on-epipe/-/exit-on-epipe-1.0.1.tgz",
      "integrity": "sha512-h2z5mrROTxce56S+pnvAV890uu7ls7f1kEvVGJbw1OlFH3/mlJ5bkXu0KRyW94v37zzHPiUd55iLn3DA7TjWpw=="
    },
    "frac": {
      "version": "1.1.2",
      "resolved": "https://registry.npmjs.org/frac/-/frac-1.1.2.tgz",
      "integrity": "sha512-w/XBfkibaTl3YDqASwfDUqkna4Z2p9cFSr1aHDt0WoMTECnRfBOv2WArlZILlqgWlmdIlALXGpM2AOhEk5W3IA=="
    },
    "hammerjs": {
      "version": "2.0.8",
      "resolved": "https://registry.npmjs.org/hammerjs/-/hammerjs-2.0.8.tgz",
      "integrity": "sha1-BO93hiz/K7edMPdpIJWTAiK/YPE="
    },
    "hat": {
      "version": "0.0.3",
      "resolved": "https://registry.npmjs.org/hat/-/hat-0.0.3.tgz",
      "integrity": "sha1-uwFKnmSzeIrtgAWRdBPU/z1QLYo="
    },
    "ids": {
      "version": "0.2.2",
      "resolved": "https://registry.npmjs.org/ids/-/ids-0.2.2.tgz",
      "integrity": "sha512-icIO8S7A7Hat9x/59VYjS5uwfBU1xRTDxeFC4t9wNceLxZFm2JbPhO4lC/xhFqFNVaxw2idwpLgUfkVQrjsxIw==",
      "requires": {
        "hat": "^0.0.3"
      }
    },
    "inherits": {
      "version": "2.0.3",
      "resolved": "https://registry.npmjs.org/inherits/-/inherits-2.0.3.tgz",
      "integrity": "sha1-Yzwsg+PaQqUC9SRmAiSA9CCCYd4="
    },
    "jquery": {
      "version": "1.12.4",
      "resolved": "https://registry.npmjs.org/jquery/-/jquery-1.12.4.tgz",
      "integrity": "sha1-AeHfuikP5z3rp3zurLD5ui/sngw="
    },
    "lodash": {
      "version": "3.10.1",
      "resolved": "https://registry.npmjs.org/lodash/-/lodash-3.10.1.tgz",
      "integrity": "sha1-W/Rejkm6QYnhfUgnid/RW9FAt7Y="
    },
    "min-dom": {
      "version": "0.2.0",
      "resolved": "https://registry.npmjs.org/min-dom/-/min-dom-0.2.0.tgz",
      "integrity": "sha1-fxo/ishcBa3uez9A4AxSgDB1zV0=",
      "requires": {
        "component-classes": "^1.2.3",
        "component-closest": "^0.1.4",
        "component-delegate": "^0.2.3",
        "component-event": "^0.1.4",
        "component-matches-selector": "^0.1.5",
        "component-query": "^0.0.3",
        "domify": "^1.3.1"
      }
    },
    "moddle": {
      "version": "1.2.1",
      "resolved": "https://registry.npmjs.org/moddle/-/moddle-1.2.1.tgz",
      "integrity": "sha512-YQtFv9MaZSto0LwVe/j0zSZuspvBY1XQtiRAgp9C9u5p9N3eJiSerqD7TprGs3ZoYIhpZpHvLazSm4PqqesJKA==",
      "requires": {
        "lodash": "^3.0.0"
      }
    },
    "moddle-xml": {
      "version": "1.1.1",
      "resolved": "https://registry.npmjs.org/moddle-xml/-/moddle-xml-1.1.1.tgz",
      "integrity": "sha512-a9GkVOVVhtE8F/49Mh8mnnex3gFIn685S3DIeUPvLkhmNlrzGIQ+cwufDkFdxjwJY66xiY3bV8SCZUgYeGyliQ==",
      "requires": {
        "lodash": "^3.0.0",
        "moddle": "^1.0.0",
        "sax": "~0.6.0",
        "tiny-stack": "^0.1.0"
      }
    },
    "ng-file-upload": {
      "version": "12.2.13",
      "resolved": "https://registry.npmjs.org/ng-file-upload/-/ng-file-upload-12.2.13.tgz",
      "integrity": "sha1-AYAPOHLlJvlTEPhHfpnk8S0NjRQ="
    },
    "object-refs": {
      "version": "0.1.1",
      "resolved": "https://registry.npmjs.org/object-refs/-/object-refs-0.1.1.tgz",
      "integrity": "sha1-NT912mM+qEamHvDfBOxrqUH4b8Q="
    },
    "printj": {
      "version": "1.1.2",
      "resolved": "https://registry.npmjs.org/printj/-/printj-1.1.2.tgz",
      "integrity": "sha512-zA2SmoLaxZyArQTOPj5LXecR+RagfPSU5Kw1qP+jkWeNlrq+eJZyY2oS68SU1Z/7/myXM4lo9716laOFAVStCQ=="
    },
    "requirejs": {
      "version": "2.3.3",
      "resolved": "https://registry.npmjs.org/requirejs/-/requirejs-2.3.3.tgz",
      "integrity": "sha1-qln9OgKH6vQHlZoTgigES13WpqM="
    },
    "requirejs-domready": {
      "version": "2.0.3",
      "resolved": "https://registry.npmjs.org/requirejs-domready/-/requirejs-domready-2.0.3.tgz",
      "integrity": "sha1-BJ2xlljPrAdIWVLTUhMFq4NtrFI="
    },
    "sax": {
      "version": "0.6.1",
      "resolved": "https://registry.npmjs.org/sax/-/sax-0.6.1.tgz",
      "integrity": "sha1-VjsZx8HeiS4Jv8Ty/DDjwn8JUrk="
    },
    "ssf": {
      "version": "0.10.2",
      "resolved": "https://registry.npmjs.org/ssf/-/ssf-0.10.2.tgz",
      "integrity": "sha512-rDhAPm9WyIsY8eZEKyE8Qsotb3j/wBdvMWBUsOhJdfhKGLfQidRjiBUV0y/MkyCLiXQ38FG6LWW/VYUtqlIDZQ==",
      "requires": {
        "frac": "~1.1.2"
      }
    },
    "tiny-stack": {
      "version": "0.1.0",
      "resolved": "https://registry.npmjs.org/tiny-stack/-/tiny-stack-0.1.0.tgz",
      "integrity": "sha1-GoSBc/wL/FTne7LpUE0tPIrXliE="
    },
    "tiny-svg": {
      "version": "0.1.3",
      "resolved": "https://registry.npmjs.org/tiny-svg/-/tiny-svg-0.1.3.tgz",
      "integrity": "sha512-xSijn0Y49l4IzGAPpVg2Pzmey7y7Toa0sTTAtAZb3LGSKbC+LLqGv7ecaORgeeYAIup0hChnsc2/p8cEtIl/TQ=="
    },
    "xlsx": {
      "version": "0.11.19",
      "resolved": "https://registry.npmjs.org/xlsx/-/xlsx-0.11.19.tgz",
      "integrity": "sha512-UTfD64o5Ka/E6QHL12fzcq5wnt9MCtuwgoUdYSTDxjjDkhNmZwSfPlJH/+Yh8vE6nU/0ax3MXNrc9AP4haAmIg==",
      "requires": {
        "adler-32": "~1.2.0",
        "cfb": "~1.0.2",
        "codepage": "~1.12.0",
        "commander": "~2.13.0",
        "crc-32": "~1.2.0",
        "exit-on-epipe": "~1.0.1",
        "ssf": "~0.10.1"
      }
    }
  }
}
